
Microsoft Visual Studio Solution File, Format Version 12.00
# Visual Studio 14
VisualStudioVersion = 14.0.25420.1
MinimumVisualStudioVersion = 10.0.40219.1
Project("{8BC9CEB8-8B4A-11D0-8D11-00A0C91BC942}") = "queue", "queue\queue.vcxproj", "{0DC370BB-AC6D-4A0C-85C7-EDB972020A01}"
EndProject
Project("{8BC9CEB8-8B4A-11D0-8D11-00A0C91BC942}") = "gtest", "gtest\gtest.vcxproj", "{4F92C81D-4744-4D1A-B32F-6298FFF61A6F}"
EndProject
Project("{8BC9CEB8-8B4A-11D0-8D11-00A0C91BC942}") = "tests", "tests\tests.vcxproj", "{64AD3EC8-6A55-4DF2-9AB7-5C6383797F24}"
	ProjectSection(ProjectDependencies) = postProject
		{4F92C81D-4744-4D1A-B32F-6298FFF61A6F} = {4F92C81D-4744-4D1A-B32F-6298FFF61A6F}
	EndProjectSection
EndProject
Project("{8BC9CEB8-8B4A-11D0-8D11-00A0C91BC942}") = "task", "task\task.vcxproj", "{ABD876D0-80AD-4EA6-9A3D-FB220EF65CDE}"
EndProject
Global
	GlobalSection(SolutionConfigurationPlatforms) = preSolution
		Debug|x64 = Debug|x64
		Debug|x86 = Debug|x86
		Release|x64 = Release|x64
		Release|x86 = Release|x86
	EndGlobalSection
	GlobalSection(ProjectConfigurationPlatforms) = postSolution
		{0DC370BB-AC6D-4A0C-85C7-EDB972020A01}.Debug|x64.ActiveCfg = Debug|x64
		{0DC370BB-AC6D-4A0C-85C7-EDB972020A01}.Debug|x64.Build.0 = Debug|x64
		{0DC370BB-AC6D-4A0C-85C7-EDB972020A01}.Debug|x86.ActiveCfg = Debug|Win32
		{0DC370BB-AC6D-4A0C-85C7-EDB972020A01}.Debug|x86.Build.0 = Debug|Win32
		{0DC370BB-AC6D-4A0C-85C7-EDB972020A01}.Release|x64.ActiveCfg = Release|x64
		{0DC370BB-AC6D-4A0C-85C7-EDB972020A01}.Release|x64.Build.0 = Release|x64
		{0DC370BB-AC6D-4A0C-85C7-EDB972020A01}.Release|x86.ActiveCfg = Release|Win32
		{0DC370BB-AC6D-4A0C-85C7-EDB972020A01}.Release|x86.Build.0 = Release|Win32
		{4F92C81D-4744-4D1A-B32F-6298FFF61A6F}.Debug|x64.ActiveCfg = Debug|x64
		{4F92C81D-4744-4D1A-B32F-6298FFF61A6F}.Debug|x64.Build.0 = Debug|x64
		{4F92C81D-4744-4D1A-B32F-6298FFF61A6F}.Debug|x86.ActiveCfg = Debug|Win32
		{4F92C81D-4744-4D1A-B32F-6298FFF61A6F}.Debug|x86.Build.0 = Debug|Win32
		{4F92C81D-4744-4D1A-B32F-6298FFF61A6F}.Release|x64.ActiveCfg = Release|x64
		{4F92C81D-4744-4D1A-B32F-6298FFF61A6F}.Release|x64.Build.0 = Release|x64
		{4F92C81D-4744-4D1A-B32F-6298FFF61A6F}.Release|x86.ActiveCfg = Release|Win32
		{4F92C81D-4744-4D1A-B32F-6298FFF61A6F}.Release|x86.Build.0 = Release|Win32
		{64AD3EC8-6A55-4DF2-9AB7-5C6383797F24}.Debug|x64.ActiveCfg = Debug|x64
		{64AD3EC8-6A55-4DF2-9AB7-5C6383797F24}.Debug|x64.Build.0 = Debug|x64
		{64AD3EC8-6A55-4DF2-9AB7-5C6383797F24}.Debug|x86.ActiveCfg = Debug|Win32
		{64AD3EC8-6A55-4DF2-9AB7-5C6383797F24}.Debug|x86.Build.0 = Debug|Win32
		{64AD3EC8-6A55-4DF2-9AB7-5C6383797F24}.Release|x64.ActiveCfg = Release|x64
		{64AD3EC8-6A55-4DF2-9AB7-5C6383797F24}.Release|x64.Build.0 = Release|x64
		{64AD3EC8-6A55-4DF2-9AB7-5C6383797F24}.Release|x86.ActiveCfg = Release|Win32
		{64AD3EC8-6A55-4DF2-9AB7-5C6383797F24}.Release|x86.Build.0 = Release|Win32
		{ABD876D0-80AD-4EA6-9A3D-FB220EF65CDE}.Debug|x64.ActiveCfg = Debug|x64
		{ABD876D0-80AD-4EA6-9A3D-FB220EF65CDE}.Debug|x64.Build.0 = Debug|x64
		{ABD876D0-80AD-4EA6-9A3D-FB220EF65CDE}.Debug|x86.ActiveCfg = Debug|Win32
		{ABD876D0-80AD-4EA6-9A3D-FB220EF65CDE}.Debug|x86.Build.0 = Debug|Win32
		{ABD876D0-80AD-4EA6-9A3D-FB220EF65CDE}.Release|x64.ActiveCfg = Release|x64
		{ABD876D0-80AD-4EA6-9A3D-FB220EF65CDE}.Release|x64.Build.0 = Release|x64
		{ABD876D0-80AD-4EA6-9A3D-FB220EF65CDE}.Release|x86.ActiveCfg = Release|Win32
		{ABD876D0-80AD-4EA6-9A3D-FB220EF65CDE}.Release|x86.Build.0 = Release|Win32
	EndGlobalSection
	GlobalSection(SolutionProperties) = preSolution
		HideSolutionNode = FALSE
	EndGlobalSection
EndGlobal
